
Microsoft Visual Studio Solution File, Format Version 12.00
# Visual Studio Version 17
VisualStudioVersion = 17.13.35913.81 d17.13
MinimumVisualStudioVersion = 10.0.40219.1
Project("{FAE04EC0-301F-11D3-BF4B-00C04F79EFBC}") = "refazendo.atividade", "refazendo.atividade\refazendo.atividade.csproj", "{BBF96D19-DA47-4AF5-81A8-19F7E4507910}"
EndProject
Global
	GlobalSection(SolutionConfigurationPlatforms) = preSolution
		Debug|Any CPU = Debug|Any CPU
		Release|Any CPU = Release|Any CPU
	EndGlobalSection
	GlobalSection(ProjectConfigurationPlatforms) = postSolution
		{BBF96D19-DA47-4AF5-81A8-19F7E4507910}.Debug|Any CPU.ActiveCfg = Debug|Any CPU
		{BBF96D19-DA47-4AF5-81A8-19F7E4507910}.Debug|Any CPU.Build.0 = Debug|Any CPU
		{BBF96D19-DA47-4AF5-81A8-19F7E4507910}.Release|Any CPU.ActiveCfg = Release|Any CPU
		{BBF96D19-DA47-4AF5-81A8-19F7E4507910}.Release|Any CPU.Build.0 = Release|Any CPU
	EndGlobalSection
	GlobalSection(SolutionProperties) = preSolution
		HideSolutionNode = FALSE
	EndGlobalSection
	GlobalSection(ExtensibilityGlobals) = postSolution
		SolutionGuid = {7A7AB5F5-FFB4-4B53-ADB3-8E0EC3547C79}
	EndGlobalSection
EndGlobal
